
Microsoft Visual Studio Solution File, Format Version 12.00
# Visual Studio Version 16
VisualStudioVersion = 16.0.31729.503
MinimumVisualStudioVersion = 10.0.40219.1
Project("{9A19103F-16F7-4668-BE54-9A1E7A4F7556}") = "Test app", "Test app\Test app.csproj", "{0D94D513-7CF6-49C8-8245-1FE23CC3EF58}"
EndProject
Project("{FAE04EC0-301F-11D3-BF4B-00C04F79EFBC}") = "Harjoitus 5", "Harjoitus 5\Harjoitus 5.csproj", "{9D1C6156-49DA-463F-AA8A-3A61338F31C4}"
EndProject
Project("{FAE04EC0-301F-11D3-BF4B-00C04F79EFBC}") = "Perintä", "Perintä\Perintä.csproj", "{1FFACD76-C4C7-430E-8921-BFA9E26D90EC}"
EndProject
Project("{FAE04EC0-301F-11D3-BF4B-00C04F79EFBC}") = "Abstraktiivisuus", "Abstraktiivisuus\Abstraktiivisuus.csproj", "{97C0DF5F-9F75-450D-8F4E-447F23FE753C}"
EndProject
Project("{FAE04EC0-301F-11D3-BF4B-00C04F79EFBC}") = "Harjoitus 6", "Harjoitus 6\Harjoitus 6.csproj", "{DB768FDF-358E-408E-81C4-7DA47599558D}"
EndProject
Global
	GlobalSection(SolutionConfigurationPlatforms) = preSolution
		Debug|Any CPU = Debug|Any CPU
		Release|Any CPU = Release|Any CPU
	EndGlobalSection
	GlobalSection(ProjectConfigurationPlatforms) = postSolution
		{0D94D513-7CF6-49C8-8245-1FE23CC3EF58}.Debug|Any CPU.ActiveCfg = Debug|Any CPU
		{0D94D513-7CF6-49C8-8245-1FE23CC3EF58}.Debug|Any CPU.Build.0 = Debug|Any CPU
		{0D94D513-7CF6-49C8-8245-1FE23CC3EF58}.Release|Any CPU.ActiveCfg = Release|Any CPU
		{0D94D513-7CF6-49C8-8245-1FE23CC3EF58}.Release|Any CPU.Build.0 = Release|Any CPU
		{9D1C6156-49DA-463F-AA8A-3A61338F31C4}.Debug|Any CPU.ActiveCfg = Debug|Any CPU
		{9D1C6156-49DA-463F-AA8A-3A61338F31C4}.Debug|Any CPU.Build.0 = Debug|Any CPU
		{9D1C6156-49DA-463F-AA8A-3A61338F31C4}.Release|Any CPU.ActiveCfg = Release|Any CPU
		{9D1C6156-49DA-463F-AA8A-3A61338F31C4}.Release|Any CPU.Build.0 = Release|Any CPU
		{1FFACD76-C4C7-430E-8921-BFA9E26D90EC}.Debug|Any CPU.ActiveCfg = Debug|Any CPU
		{1FFACD76-C4C7-430E-8921-BFA9E26D90EC}.Debug|Any CPU.Build.0 = Debug|Any CPU
		{1FFACD76-C4C7-430E-8921-BFA9E26D90EC}.Release|Any CPU.ActiveCfg = Release|Any CPU
		{1FFACD76-C4C7-430E-8921-BFA9E26D90EC}.Release|Any CPU.Build.0 = Release|Any CPU
		{97C0DF5F-9F75-450D-8F4E-447F23FE753C}.Debug|Any CPU.ActiveCfg = Debug|Any CPU
		{97C0DF5F-9F75-450D-8F4E-447F23FE753C}.Debug|Any CPU.Build.0 = Debug|Any CPU
		{97C0DF5F-9F75-450D-8F4E-447F23FE753C}.Release|Any CPU.ActiveCfg = Release|Any CPU
		{97C0DF5F-9F75-450D-8F4E-447F23FE753C}.Release|Any CPU.Build.0 = Release|Any CPU
		{DB768FDF-358E-408E-81C4-7DA47599558D}.Debug|Any CPU.ActiveCfg = Debug|Any CPU
		{DB768FDF-358E-408E-81C4-7DA47599558D}.Debug|Any CPU.Build.0 = Debug|Any CPU
		{DB768FDF-358E-408E-81C4-7DA47599558D}.Release|Any CPU.ActiveCfg = Release|Any CPU
		{DB768FDF-358E-408E-81C4-7DA47599558D}.Release|Any CPU.Build.0 = Release|Any CPU
	EndGlobalSection
	GlobalSection(SolutionProperties) = preSolution
		HideSolutionNode = FALSE
	EndGlobalSection
	GlobalSection(ExtensibilityGlobals) = postSolution
		SolutionGuid = {D1E53EAB-A79B-4FEB-96C2-0857E77BFE66}
	EndGlobalSection
EndGlobal
